
Microsoft Visual Studio Solution File, Format Version 12.00
# Visual Studio Version 16
VisualStudioVersion = 16.0.29230.47
MinimumVisualStudioVersion = 10.0.40219.1
Project("{D2ABAB84-BF74-430A-B69E-9DC6D40DDA17}") = "CuboAdmisiones", "CuboAdmisiones\CuboAdmisiones.dwproj", "{911371A4-5BDC-42A2-9F98-1C6BD2D54D3D}"
EndProject
Global
	GlobalSection(SolutionConfigurationPlatforms) = preSolution
		Development|Default = Development|Default
	EndGlobalSection
	GlobalSection(ProjectConfigurationPlatforms) = postSolution
		{911371A4-5BDC-42A2-9F98-1C6BD2D54D3D}.Development|Default.ActiveCfg = Development
		{911371A4-5BDC-42A2-9F98-1C6BD2D54D3D}.Development|Default.Build.0 = Development
		{911371A4-5BDC-42A2-9F98-1C6BD2D54D3D}.Development|Default.Deploy.0 = Development
	EndGlobalSection
	GlobalSection(SolutionProperties) = preSolution
		HideSolutionNode = FALSE
	EndGlobalSection
	GlobalSection(ExtensibilityGlobals) = postSolution
		SolutionGuid = {F8CD0167-39D2-497B-A5AA-0FC016B7C8BB}
	EndGlobalSection
EndGlobal
