
Microsoft Visual Studio Solution File, Format Version 12.00
# Visual Studio 15
VisualStudioVersion = 15.0.28307.852
MinimumVisualStudioVersion = 10.0.40219.1
Project("{159641D6-6404-4A2A-AE62-294DE0FE8301}") = "ReiniciarTablas", "ReiniciarTablas\ReiniciarTablas.dtproj", "{89AC716F-4929-4B43-B1EC-B66BB573ED99}"
EndProject
Global
	GlobalSection(SolutionConfigurationPlatforms) = preSolution
		Development|Default = Development|Default
	EndGlobalSection
	GlobalSection(ProjectConfigurationPlatforms) = postSolution
		{89AC716F-4929-4B43-B1EC-B66BB573ED99}.Development|Default.ActiveCfg = Development
		{89AC716F-4929-4B43-B1EC-B66BB573ED99}.Development|Default.Build.0 = Development
	EndGlobalSection
	GlobalSection(SolutionProperties) = preSolution
		HideSolutionNode = FALSE
	EndGlobalSection
	GlobalSection(ExtensibilityGlobals) = postSolution
		SolutionGuid = {185B91D4-8821-4B63-810C-B616D03F9A8C}
	EndGlobalSection
EndGlobal
